<?xml version="1.0" encoding="utf-8"?>
<Project ToolsVersion="4.0" xmlns:atg="http://atg.xbox.com" xmlns="http://schemas.microsoft.com/developer/msbuild/2003">
  <ItemGroup>
    <Filter Include="Resource Files">
      <UniqueIdentifier>{8e114980-c1a3-4ada-ad7c-83caadf5daeb}</UniqueIdentifier>
      <Extensions>rc;ico;cur;bmp;dlg;rc2;rct;bin;rgs;gif;jpg;jpeg;jpe</Extensions>
    </Filter>
    <Filter Include="DXUT">
      <UniqueIdentifier>{a43c5c25-0e86-4a20-b64a-883785ff74fd}</UniqueIdentifier>
    </Filter>
    <Filter Include="Source Files">
      <UniqueIdentifier>{5f1c8b2e-c3ec-411e-b70f-b4e8d1067924}</UniqueIdentifier>
    </Filter>
    <Filter Include="Source Files\Header">
      <UniqueIdentifier>{a0de89eb-501c-4d88-bb6d-619fe6a7bc4f}</UniqueIdentifier>
    </Filter>
    <Filter Include="Source Files\Source">
      <UniqueIdentifier>{652aedc8-0556-433c-9ece-9d26a44e55cb}</UniqueIdentifier>
    </Filter>
  </ItemGroup>
  <ItemGroup>
    <ClCompile Include="main.cpp">
      <Filter>Source Files\Source</Filter>
    </ClCompile>
    <ClCompile Include="maingame.cpp">
      <Filter>Source Files\Source</Filter>
    </ClCompile>
    <ClCompile Include="ObjectLoader.cpp">
      <Filter>Source Files\Source</Filter>
    </ClCompile>
  </ItemGroup>
  <ItemGroup>
    <ClInclude Include="ObjectLoader.h">
      <Filter>Source Files\Header</Filter>
    </ClInclude>
    <ClInclude Include="maingame.h">
      <Filter>Source Files\Header</Filter>
    </ClInclude>
    <ClInclude Include="common.h">
      <Filter>Source Files\Header</Filter>
    </ClInclude>
  </ItemGroup>
</Project>